// !$*UTF8*$!
{
	archiveVersion = 1;
	classes = {
	};
	objectVersion = 50;
	objects = {

/* Begin PBXBuildFile section */
		C5A2932623E6DA8D00DEF10E /* AppDelegate.swift in Sources */ = {isa = PBXBuildFile; fileRef = C5A2932523E6DA8D00DEF10E /* AppDelegate.swift */; };
		C5A2932823E6DA8D00DEF10E /* SceneDelegate.swift in Sources */ = {isa = PBXBuildFile; fileRef = C5A2932723E6DA8D00DEF10E /* SceneDelegate.swift */; };
		C5A2932A23E6DA8D00DEF10E /* ViewController.swift in Sources */ = {isa = PBXBuildFile; fileRef = C5A2932923E6DA8D00DEF10E /* ViewController.swift */; };
		C5A2932D23E6DA8D00DEF10E /* Main.storyboard in Resources */ = {isa = PBXBuildFile; fileRef = C5A2932B23E6DA8D00DEF10E /* Main.storyboard */; };
		C5A2932F23E6DA8E00DEF10E /* Assets.xcassets in Resources */ = {isa = PBXBuildFile; fileRef = C5A2932E23E6DA8E00DEF10E /* Assets.xcassets */; };
		C5A2933223E6DA8E00DEF10E /* LaunchScreen.storyboard in Resources */ = {isa = PBXBuildFile; fileRef = C5A2933023E6DA8E00DEF10E /* LaunchScreen.storyboard */; };
		C5A2933D23E6DA8E00DEF10E /* stockInformTests.swift in Sources */ = {isa = PBXBuildFile; fileRef = C5A2933C23E6DA8E00DEF10E /* stockInformTests.swift */; };
		C5A2934823E6DA8E00DEF10E /* stockInformUITests.swift in Sources */ = {isa = PBXBuildFile; fileRef = C5A2934723E6DA8E00DEF10E /* stockInformUITests.swift */; };
/* End PBXBuildFile section */

/* Begin PBXContainerItemProxy section */
		C5A2933923E6DA8E00DEF10E /* PBXContainerItemProxy */ = {
			isa = PBXContainerItemProxy;
			containerPortal = C5A2931A23E6DA8D00DEF10E /* Project object */;
			proxyType = 1;
			remoteGlobalIDString = C5A2932123E6DA8D00DEF10E;
			remoteInfo = stockInform;
		};
		C5A2934423E6DA8E00DEF10E /* PBXContainerItemProxy */ = {
			isa = PBXContainerItemProxy;
			containerPortal = C5A2931A23E6DA8D00DEF10E /* Project object */;
			proxyType = 1;
			remoteGlobalIDString = C5A2932123E6DA8D00DEF10E;
			remoteInfo = stockInform;
		};
/* End PBXContainerItemProxy section */

/* Begin PBXFileReference section */
		C5A2932223E6DA8D00DEF10E /* stockInform.app */ = {isa = PBXFileReference; explicitFileType = wrapper.application; includeInIndex = 0; path = stockInform.app; sourceTree = BUILT_PRODUCTS_DIR; };
		C5A2932523E6DA8D00DEF10E /* AppDelegate.swift */ = {isa = PBXFileReference; lastKnownFileType = sourcecode.swift; path = AppDelegate.swift; sourceTree = "<group>"; };
		C5A2932723E6DA8D00DEF10E /* SceneDelegate.swift */ = {isa = PBXFileReference; lastKnownFileType = sourcecode.swift; path = SceneDelegate.swift; sourceTree = "<group>"; };
		C5A2932923E6DA8D00DEF10E /* ViewController.swift */ = {isa = PBXFileReference; lastKnownFileType = sourcecode.swift; path = ViewController.swift; sourceTree = "<group>"; };
		C5A2932C23E6DA8D00DEF10E /* Base */ = {isa = PBXFileReference; lastKnownFileType = file.storyboard; name = Base; path = Base.lproj/Main.storyboard; sourceTree = "<group>"; };
		C5A2932E23E6DA8E00DEF10E /* Assets.xcassets */ = {isa = PBXFileReference; lastKnownFileType = folder.assetcatalog; path = Assets.xcassets; sourceTree = "<group>"; };
		C5A2933123E6DA8E00DEF10E /* Base */ = {isa = PBXFileReference; lastKnownFileType = file.storyboard; name = Base; path = Base.lproj/LaunchScreen.storyboard; sourceTree = "<group>"; };
		C5A2933323E6DA8E00DEF10E /* Info.plist */ = {isa = PBXFileReference; lastKnownFileType = text.plist.xml; path = Info.plist; sourceTree = "<group>"; };
		C5A2933823E6DA8E00DEF10E /* stockInformTests.xctest */ = {isa = PBXFileReference; explicitFileType = wrapper.cfbundle; includeInIndex = 0; path = stockInformTests.xctest; sourceTree = BUILT_PRODUCTS_DIR; };
		C5A2933C23E6DA8E00DEF10E /* stockInformTests.swift */ = {isa = PBXFileReference; lastKnownFileType = sourcecode.swift; path = stockInformTests.swift; sourceTree = "<group>"; };
		C5A2933E23E6DA8E00DEF10E /* Info.plist */ = {isa = PBXFileReference; lastKnownFileType = text.plist.xml; path = Info.plist; sourceTree = "<group>"; };
		C5A2934323E6DA8E00DEF10E /* stockInformUITests.xctest */ = {isa = PBXFileReference; explicitFileType = wrapper.cfbundle; includeInIndex = 0; path = stockInformUITests.xctest; sourceTree = BUILT_PRODUCTS_DIR; };
		C5A2934723E6DA8E00DEF10E /* stockInformUITests.swift */ = {isa = PBXFileReference; lastKnownFileType = sourcecode.swift; path = stockInformUITests.swift; sourceTree = "<group>"; };
		C5A2934923E6DA8E00DEF10E /* Info.plist */ = {isa = PBXFileReference; lastKnownFileType = text.plist.xml; path = Info.plist; sourceTree = "<group>"; };
/* End PBXFileReference section */

/* Begin PBXFrameworksBuildPhase section */
		C5A2931F23E6DA8D00DEF10E /* Frameworks */ = {
			isa = PBXFrameworksBuildPhase;
			buildActionMask = 2147483647;
			files = (
			);
			runOnlyForDeploymentPostprocessing = 0;
		};
		C5A2933523E6DA8E00DEF10E /* Frameworks */ = {
			isa = PBXFrameworksBuildPhase;
			buildActionMask = 2147483647;
			files = (
			);
			runOnlyForDeploymentPostprocessing = 0;
		};
		C5A2934023E6DA8E00DEF10E /* Frameworks */ = {
			isa = PBXFrameworksBuildPhase;
			buildActionMask = 2147483647;
			files = (
			);
			runOnlyForDeploymentPostprocessing = 0;
		};
/* End PBXFrameworksBuildPhase section */

/* Begin PBXGroup section */
		C5A2931923E6DA8D00DEF10E = {
			isa = PBXGroup;
			children = (
				C5A2932423E6DA8D00DEF10E /* stockInform */,
				C5A2933B23E6DA8E00DEF10E /* stockInformTests */,
				C5A2934623E6DA8E00DEF10E /* stockInformUITests */,
				C5A2932323E6DA8D00DEF10E /* Products */,
			);
			sourceTree = "<group>";
		};
		C5A2932323E6DA8D00DEF10E /* Products */ = {
			isa = PBXGroup;
			children = (
				C5A2932223E6DA8D00DEF10E /* stockInform.app */,
				C5A2933823E6DA8E00DEF10E /* stockInformTests.xctest */,
				C5A2934323E6DA8E00DEF10E /* stockInformUITests.xctest */,
			);
			name = Products;
			sourceTree = "<group>";
		};
		C5A2932423E6DA8D00DEF10E /* stockInform */ = {
			isa = PBXGroup;
			children = (
				C5A2932523E6DA8D00DEF10E /* AppDelegate.swift */,
				C5A2932723E6DA8D00DEF10E /* SceneDelegate.swift */,
				C5A2932923E6DA8D00DEF10E /* ViewController.swift */,
				C5A2932B23E6DA8D00DEF10E /* Main.storyboard */,
				C5A2932E23E6DA8E00DEF10E /* Assets.xcassets */,
				C5A2933023E6DA8E00DEF10E /* LaunchScreen.storyboard */,
				C5A2933323E6DA8E00DEF10E /* Info.plist */,
			);
			path = stockInform;
			sourceTree = "<group>";
		};
		C5A2933B23E6DA8E00DEF10E /* stockInformTests */ = {
			isa = PBXGroup;
			children = (
				C5A2933C23E6DA8E00DEF10E /* stockInformTests.swift */,
				C5A2933E23E6DA8E00DEF10E /* Info.plist */,
			);
			path = stockInformTests;
			sourceTree = "<group>";
		};
		C5A2934623E6DA8E00DEF10E /* stockInformUITests */ = {
			isa = PBXGroup;
			children = (
				C5A2934723E6DA8E00DEF10E /* stockInformUITests.swift */,
				C5A2934923E6DA8E00DEF10E /* Info.plist */,
			);
			path = stockInformUITests;
			sourceTree = "<group>";
		};
/* End PBXGroup section */

/* Begin PBXNativeTarget section */
		C5A2932123E6DA8D00DEF10E /* stockInform */ = {
			isa = PBXNativeTarget;
			buildConfigurationList = C5A2934C23E6DA8E00DEF10E /* Build configuration list for PBXNativeTarget "stockInform" */;
			buildPhases = (
				C5A2931E23E6DA8D00DEF10E /* Sources */,
				C5A2931F23E6DA8D00DEF10E /* Frameworks */,
				C5A2932023E6DA8D00DEF10E /* Resources */,
			);
			buildRules = (
			);
			dependencies = (
			);
			name = stockInform;
			productName = stockInform;
			productReference = C5A2932223E6DA8D00DEF10E /* stockInform.app */;
			productType = "com.apple.product-type.application";
		};
		C5A2933723E6DA8E00DEF10E /* stockInformTests */ = {
			isa = PBXNativeTarget;
			buildConfigurationList = C5A2934F23E6DA8E00DEF10E /* Build configuration list for PBXNativeTarget "stockInformTests" */;
			buildPhases = (
				C5A2933423E6DA8E00DEF10E /* Sources */,
				C5A2933523E6DA8E00DEF10E /* Frameworks */,
				C5A2933623E6DA8E00DEF10E /* Resources */,
			);
			buildRules = (
			);
			dependencies = (
				C5A2933A23E6DA8E00DEF10E /* PBXTargetDependency */,
			);
			name = stockInformTests;
			productName = stockInformTests;
			productReference = C5A2933823E6DA8E00DEF10E /* stockInformTests.xctest */;
			productType = "com.apple.product-type.bundle.unit-test";
		};
		C5A2934223E6DA8E00DEF10E /* stockInformUITests */ = {
			isa = PBXNativeTarget;
			buildConfigurationList = C5A2935223E6DA8E00DEF10E /* Build configuration list for PBXNativeTarget "stockInformUITests" */;
			buildPhases = (
				C5A2933F23E6DA8E00DEF10E /* Sources */,
				C5A2934023E6DA8E00DEF10E /* Frameworks */,
				C5A2934123E6DA8E00DEF10E /* Resources */,
			);
			buildRules = (
			);
			dependencies = (
				C5A2934523E6DA8E00DEF10E /* PBXTargetDependency */,
			);
			name = stockInformUITests;
			productName = stockInformUITests;
			productReference = C5A2934323E6DA8E00DEF10E /* stockInformUITests.xctest */;
			productType = "com.apple.product-type.bundle.ui-testing";
		};
/* End PBXNativeTarget section */

/* Begin PBXProject section */
		C5A2931A23E6DA8D00DEF10E /* Project object */ = {
			isa = PBXProject;
			attributes = {
				LastSwiftUpdateCheck = 1130;
				LastUpgradeCheck = 1130;
				ORGANIZATIONNAME = "Mazur Aleksey";
				TargetAttributes = {
					C5A2932123E6DA8D00DEF10E = {
						CreatedOnToolsVersion = 11.3;
					};
					C5A2933723E6DA8E00DEF10E = {
						CreatedOnToolsVersion = 11.3;
						TestTargetID = C5A2932123E6DA8D00DEF10E;
					};
					C5A2934223E6DA8E00DEF10E = {
						CreatedOnToolsVersion = 11.3;
						TestTargetID = C5A2932123E6DA8D00DEF10E;
					};
				};
			};
			buildConfigurationList = C5A2931D23E6DA8D00DEF10E /* Build configuration list for PBXProject "stockInform" */;
			compatibilityVersion = "Xcode 9.3";
			developmentRegion = en;
			hasScannedForEncodings = 0;
			knownRegions = (
				en,
				Base,
			);
			mainGroup = C5A2931923E6DA8D00DEF10E;
			productRefGroup = C5A2932323E6DA8D00DEF10E /* Products */;
			projectDirPath = "";
			projectRoot = "";
			targets = (
				C5A2932123E6DA8D00DEF10E /* stockInform */,
				C5A2933723E6DA8E00DEF10E /* stockInformTests */,
				C5A2934223E6DA8E00DEF10E /* stockInformUITests */,
			);
		};
/* End PBXProject section */

/* Begin PBXResourcesBuildPhase section */
		C5A2932023E6DA8D00DEF10E /* Resources */ = {
			isa = PBXResourcesBuildPhase;
			buildActionMask = 2147483647;
			files = (
				C5A2933223E6DA8E00DEF10E /* LaunchScreen.storyboard in Resources */,
				C5A2932F23E6DA8E00DEF10E /* Assets.xcassets in Resources */,
				C5A2932D23E6DA8D00DEF10E /* Main.storyboard in Resources */,
			);
			runOnlyForDeploymentPostprocessing = 0;
		};
		C5A2933623E6DA8E00DEF10E /* Resources */ = {
			isa = PBXResourcesBuildPhase;
			buildActionMask = 2147483647;
			files = (
			);
			runOnlyForDeploymentPostprocessing = 0;
		};
		C5A2934123E6DA8E00DEF10E /* Resources */ = {
			isa = PBXResourcesBuildPhase;
			buildActionMask = 2147483647;
			files = (
			);
			runOnlyForDeploymentPostprocessing = 0;
		};
/* End PBXResourcesBuildPhase section */

/* Begin PBXSourcesBuildPhase section */
		C5A2931E23E6DA8D00DEF10E /* Sources */ = {
			isa = PBXSourcesBuildPhase;
			buildActionMask = 2147483647;
			files = (
				C5A2932A23E6DA8D00DEF10E /* ViewController.swift in Sources */,
				C5A2932623E6DA8D00DEF10E /* AppDelegate.swift in Sources */,
				C5A2932823E6DA8D00DEF10E /* SceneDelegate.swift in Sources */,
			);
			runOnlyForDeploymentPostprocessing = 0;
		};
		C5A2933423E6DA8E00DEF10E /* Sources */ = {
			isa = PBXSourcesBuildPhase;
			buildActionMask = 2147483647;
			files = (
				C5A2933D23E6DA8E00DEF10E /* stockInformTests.swift in Sources */,
			);
			runOnlyForDeploymentPostprocessing = 0;
		};
		C5A2933F23E6DA8E00DEF10E /* Sources */ = {
			isa = PBXSourcesBuildPhase;
			buildActionMask = 2147483647;
			files = (
				C5A2934823E6DA8E00DEF10E /* stockInformUITests.swift in Sources */,
			);
			runOnlyForDeploymentPostprocessing = 0;
		};
/* End PBXSourcesBuildPhase section */

/* Begin PBXTargetDependency section */
		C5A2933A23E6DA8E00DEF10E /* PBXTargetDependency */ = {
			isa = PBXTargetDependency;
			target = C5A2932123E6DA8D00DEF10E /* stockInform */;
			targetProxy = C5A2933923E6DA8E00DEF10E /* PBXContainerItemProxy */;
		};
		C5A2934523E6DA8E00DEF10E /* PBXTargetDependency */ = {
			isa = PBXTargetDependency;
			target = C5A2932123E6DA8D00DEF10E /* stockInform */;
			targetProxy = C5A2934423E6DA8E00DEF10E /* PBXContainerItemProxy */;
		};
/* End PBXTargetDependency section */

/* Begin PBXVariantGroup section */
		C5A2932B23E6DA8D00DEF10E /* Main.storyboard */ = {
			isa = PBXVariantGroup;
			children = (
				C5A2932C23E6DA8D00DEF10E /* Base */,
			);
			name = Main.storyboard;
			sourceTree = "<group>";
		};
		C5A2933023E6DA8E00DEF10E /* LaunchScreen.storyboard */ = {
			isa = PBXVariantGroup;
			children = (
				C5A2933123E6DA8E00DEF10E /* Base */,
			);
			name = LaunchScreen.storyboard;
			sourceTree = "<group>";
		};
/* End PBXVariantGroup section */

/* Begin XCBuildConfiguration section */
		C5A2934A23E6DA8E00DEF10E /* Debug */ = {
			isa = XCBuildConfiguration;
			buildSettings = {
				ALWAYS_SEARCH_USER_PATHS = NO;
				CLANG_ANALYZER_NONNULL = YES;
				CLANG_ANALYZER_NUMBER_OBJECT_CONVERSION = YES_AGGRESSIVE;
				CLANG_CXX_LANGUAGE_STANDARD = "gnu++14";
				CLANG_CXX_LIBRARY = "libc++";
				CLANG_ENABLE_MODULES = YES;
				CLANG_ENABLE_OBJC_ARC = YES;
				CLANG_ENABLE_OBJC_WEAK = YES;
				CLANG_WARN_BLOCK_CAPTURE_AUTORELEASING = YES;
				CLANG_WARN_BOOL_CONVERSION = YES;
				CLANG_WARN_COMMA = YES;
				CLANG_WARN_CONSTANT_CONVERSION = YES;
				CLANG_WARN_DEPRECATED_OBJC_IMPLEMENTATIONS = YES;
				CLANG_WARN_DIRECT_OBJC_ISA_USAGE = YES_ERROR;
				CLANG_WARN_DOCUMENTATION_COMMENTS = YES;
				CLANG_WARN_EMPTY_BODY = YES;
				CLANG_WARN_ENUM_CONVERSION = YES;
				CLANG_WARN_INFINITE_RECURSION = YES;
				CLANG_WARN_INT_CONVERSION = YES;
				CLANG_WARN_NON_LITERAL_NULL_CONVERSION = YES;
				CLANG_WARN_OBJC_IMPLICIT_RETAIN_SELF = YES;
				CLANG_WARN_OBJC_LITERAL_CONVERSION = YES;
				CLANG_WARN_OBJC_ROOT_CLASS = YES_ERROR;
				CLANG_WARN_RANGE_LOOP_ANALYSIS = YES;
				CLANG_WARN_STRICT_PROTOTYPES = YES;
				CLANG_WARN_SUSPICIOUS_MOVE = YES;
				CLANG_WARN_UNGUARDED_AVAILABILITY = YES_AGGRESSIVE;
				CLANG_WARN_UNREACHABLE_CODE = YES;
				CLANG_WARN__DUPLICATE_METHOD_MATCH = YES;
				COPY_PHASE_STRIP = NO;
				DEBUG_INFORMATION_FORMAT = dwarf;
				ENABLE_STRICT_OBJC_MSGSEND = YES;
				ENABLE_TESTABILITY = YES;
				GCC_C_LANGUAGE_STANDARD = gnu11;
				GCC_DYNAMIC_NO_PIC = NO;
				GCC_NO_COMMON_BLOCKS = YES;
				GCC_OPTIMIZATION_LEVEL = 0;
				GCC_PREPROCESSOR_DEFINITIONS = (
					"DEBUG=1",
					"$(inherited)",
				);
				GCC_WARN_64_TO_32_BIT_CONVERSION = YES;
				GCC_WARN_ABOUT_RETURN_TYPE = YES_ERROR;
				GCC_WARN_UNDECLARED_SELECTOR = YES;
				GCC_WARN_UNINITIALIZED_AUTOS = YES_AGGRESSIVE;
				GCC_WARN_UNUSED_FUNCTION = YES;
				GCC_WARN_UNUSED_VARIABLE = YES;
				IPHONEOS_DEPLOYMENT_TARGET = 13.2;
				MTL_ENABLE_DEBUG_INFO = INCLUDE_SOURCE;
				MTL_FAST_MATH = YES;
				ONLY_ACTIVE_ARCH = YES;
				SDKROOT = iphoneos;
				SWIFT_ACTIVE_COMPILATION_CONDITIONS = DEBUG;
				SWIFT_OPTIMIZATION_LEVEL = "-Onone";
			};
			name = Debug;
		};
		C5A2934B23E6DA8E00DEF10E /* Release */ = {
			isa = XCBuildConfiguration;
			buildSettings = {
				ALWAYS_SEARCH_USER_PATHS = NO;
				CLANG_ANALYZER_NONNULL = YES;
				CLANG_ANALYZER_NUMBER_OBJECT_CONVERSION = YES_AGGRESSIVE;
				CLANG_CXX_LANGUAGE_STANDARD = "gnu++14";
				CLANG_CXX_LIBRARY = "libc++";
				CLANG_ENABLE_MODULES = YES;
				CLANG_ENABLE_OBJC_ARC = YES;
				CLANG_ENABLE_OBJC_WEAK = YES;
				CLANG_WARN_BLOCK_CAPTURE_AUTORELEASING = YES;
				CLANG_WARN_BOOL_CONVERSION = YES;
				CLANG_WARN_COMMA = YES;
				CLANG_WARN_CONSTANT_CONVERSION = YES;
				CLANG_WARN_DEPRECATED_OBJC_IMPLEMENTATIONS = YES;
				CLANG_WARN_DIRECT_OBJC_ISA_USAGE = YES_ERROR;
				CLANG_WARN_DOCUMENTATION_COMMENTS = YES;
				CLANG_WARN_EMPTY_BODY = YES;
				CLANG_WARN_ENUM_CONVERSION = YES;
				CLANG_WARN_INFINITE_RECURSION = YES;
				CLANG_WARN_INT_CONVERSION = YES;
				CLANG_WARN_NON_LITERAL_NULL_CONVERSION = YES;
				CLANG_WARN_OBJC_IMPLICIT_RETAIN_SELF = YES;
				CLANG_WARN_OBJC_LITERAL_CONVERSION = YES;
				CLANG_WARN_OBJC_ROOT_CLASS = YES_ERROR;
				CLANG_WARN_RANGE_LOOP_ANALYSIS = YES;
				CLANG_WARN_STRICT_PROTOTYPES = YES;
				CLANG_WARN_SUSPICIOUS_MOVE = YES;
				CLANG_WARN_UNGUARDED_AVAILABILITY = YES_AGGRESSIVE;
				CLANG_WARN_UNREACHABLE_CODE = YES;
				CLANG_WARN__DUPLICATE_METHOD_MATCH = YES;
				COPY_PHASE_STRIP = NO;
				DEBUG_INFORMATION_FORMAT = "dwarf-with-dsym";
				ENABLE_NS_ASSERTIONS = NO;
				ENABLE_STRICT_OBJC_MSGSEND = YES;
				GCC_C_LANGUAGE_STANDARD = gnu11;
				GCC_NO_COMMON_BLOCKS = YES;
				GCC_WARN_64_TO_32_BIT_CONVERSION = YES;
				GCC_WARN_ABOUT_RETURN_TYPE = YES_ERROR;
				GCC_WARN_UNDECLARED_SELECTOR = YES;
				GCC_WARN_UNINITIALIZED_AUTOS = YES_AGGRESSIVE;
				GCC_WARN_UNUSED_FUNCTION = YES;
				GCC_WARN_UNUSED_VARIABLE = YES;
				IPHONEOS_DEPLOYMENT_TARGET = 13.2;
				MTL_ENABLE_DEBUG_INFO = NO;
				MTL_FAST_MATH = YES;
				SDKROOT = iphoneos;
				SWIFT_COMPILATION_MODE = wholemodule;
				SWIFT_OPTIMIZATION_LEVEL = "-O";
				VALIDATE_PRODUCT = YES;
			};
			name = Release;
		};
		C5A2934D23E6DA8E00DEF10E /* Debug */ = {
			isa = XCBuildConfiguration;
			buildSettings = {
				ASSETCATALOG_COMPILER_APPICON_NAME = AppIcon;
				CODE_SIGN_STYLE = Automatic;
				DEVELOPMENT_TEAM = QC2MUXRP7P;
				INFOPLIST_FILE = stockInform/Info.plist;
				LD_RUNPATH_SEARCH_PATHS = (
					"$(inherited)",
					"@executable_path/Frameworks",
				);
				PRODUCT_BUNDLE_IDENTIFIER = kasper.stockInform;
				PRODUCT_NAME = "$(TARGET_NAME)";
				SWIFT_VERSION = 5.0;
				TARGETED_DEVICE_FAMILY = "1,2";
			};
			name = Debug;
		};
		C5A2934E23E6DA8E00DEF10E /* Release */ = {
			isa = XCBuildConfiguration;
			buildSettings = {
				ASSETCATALOG_COMPILER_APPICON_NAME = AppIcon;
				CODE_SIGN_STYLE = Automatic;
				DEVELOPMENT_TEAM = QC2MUXRP7P;
				INFOPLIST_FILE = stockInform/Info.plist;
				LD_RUNPATH_SEARCH_PATHS = (
					"$(inherited)",
					"@executable_path/Frameworks",
				);
				PRODUCT_BUNDLE_IDENTIFIER = kasper.stockInform;
				PRODUCT_NAME = "$(TARGET_NAME)";
				SWIFT_VERSION = 5.0;
				TARGETED_DEVICE_FAMILY = "1,2";
			};
			name = Release;
		};
		C5A2935023E6DA8E00DEF10E /* Debug */ = {
			isa = XCBuildConfiguration;
			buildSettings = {
				ALWAYS_EMBED_SWIFT_STANDARD_LIBRARIES = YES;
				BUNDLE_LOADER = "$(TEST_HOST)";
				CODE_SIGN_STYLE = Automatic;
				DEVELOPMENT_TEAM = QC2MUXRP7P;
				INFOPLIST_FILE = stockInformTests/Info.plist;
				IPHONEOS_DEPLOYMENT_TARGET = 13.2;
				LD_RUNPATH_SEARCH_PATHS = (
					"$(inherited)",
					"@executable_path/Frameworks",
					"@loader_path/Frameworks",
				);
				PRODUCT_BUNDLE_IDENTIFIER = kasper.stockInformTests;
				PRODUCT_NAME = "$(TARGET_NAME)";
				SWIFT_VERSION = 5.0;
				TARGETED_DEVICE_FAMILY = "1,2";
				TEST_HOST = "$(BUILT_PRODUCTS_DIR)/stockInform.app/stockInform";
			};
			name = Debug;
		};
		C5A2935123E6DA8E00DEF10E /* Release */ = {
			isa = XCBuildConfiguration;
			buildSettings = {
				ALWAYS_EMBED_SWIFT_STANDARD_LIBRARIES = YES;
				BUNDLE_LOADER = "$(TEST_HOST)";
				CODE_SIGN_STYLE = Automatic;
				DEVELOPMENT_TEAM = QC2MUXRP7P;
				INFOPLIST_FILE = stockInformTests/Info.plist;
				IPHONEOS_DEPLOYMENT_TARGET = 13.2;
				LD_RUNPATH_SEARCH_PATHS = (
					"$(inherited)",
					"@executable_path/Frameworks",
					"@loader_path/Frameworks",
				);
				PRODUCT_BUNDLE_IDENTIFIER = kasper.stockInformTests;
				PRODUCT_NAME = "$(TARGET_NAME)";
				SWIFT_VERSION = 5.0;
				TARGETED_DEVICE_FAMILY = "1,2";
				TEST_HOST = "$(BUILT_PRODUCTS_DIR)/stockInform.app/stockInform";
			};
			name = Release;
		};
		C5A2935323E6DA8E00DEF10E /* Debug */ = {
			isa = XCBuildConfiguration;
			buildSettings = {
				ALWAYS_EMBED_SWIFT_STANDARD_LIBRARIES = YES;
				CODE_SIGN_STYLE = Automatic;
				DEVELOPMENT_TEAM = QC2MUXRP7P;
				INFOPLIST_FILE = stockInformUITests/Info.plist;
				LD_RUNPATH_SEARCH_PATHS = (
					"$(inherited)",
					"@executable_path/Frameworks",
					"@loader_path/Frameworks",
				);
				PRODUCT_BUNDLE_IDENTIFIER = kasper.stockInformUITests;
				PRODUCT_NAME = "$(TARGET_NAME)";
				SWIFT_VERSION = 5.0;
				TARGETED_DEVICE_FAMILY = "1,2";
				TEST_TARGET_NAME = stockInform;
			};
			name = Debug;
		};
		C5A2935423E6DA8E00DEF10E /* Release */ = {
			isa = XCBuildConfiguration;
			buildSettings = {
				ALWAYS_EMBED_SWIFT_STANDARD_LIBRARIES = YES;
				CODE_SIGN_STYLE = Automatic;
				DEVELOPMENT_TEAM = QC2MUXRP7P;
				INFOPLIST_FILE = stockInformUITests/Info.plist;
				LD_RUNPATH_SEARCH_PATHS = (
					"$(inherited)",
					"@executable_path/Frameworks",
					"@loader_path/Frameworks",
				);
				PRODUCT_BUNDLE_IDENTIFIER = kasper.stockInformUITests;
				PRODUCT_NAME = "$(TARGET_NAME)";
				SWIFT_VERSION = 5.0;
				TARGETED_DEVICE_FAMILY = "1,2";
				TEST_TARGET_NAME = stockInform;
			};
			name = Release;
		};
/* End XCBuildConfiguration section */

/* Begin XCConfigurationList section */
		C5A2931D23E6DA8D00DEF10E /* Build configuration list for PBXProject "stockInform" */ = {
			isa = XCConfigurationList;
			buildConfigurations = (
				C5A2934A23E6DA8E00DEF10E /* Debug */,
				C5A2934B23E6DA8E00DEF10E /* Release */,
			);
			defaultConfigurationIsVisible = 0;
			defaultConfigurationName = Release;
		};
		C5A2934C23E6DA8E00DEF10E /* Build configuration list for PBXNativeTarget "stockInform" */ = {
			isa = XCConfigurationList;
			buildConfigurations = (
				C5A2934D23E6DA8E00DEF10E /* Debug */,
				C5A2934E23E6DA8E00DEF10E /* Release */,
			);
			defaultConfigurationIsVisible = 0;
			defaultConfigurationName = Release;
		};
		C5A2934F23E6DA8E00DEF10E /* Build configuration list for PBXNativeTarget "stockInformTests" */ = {
			isa = XCConfigurationList;
			buildConfigurations = (
				C5A2935023E6DA8E00DEF10E /* Debug */,
				C5A2935123E6DA8E00DEF10E /* Release */,
			);
			defaultConfigurationIsVisible = 0;
			defaultConfigurationName = Release;
		};
		C5A2935223E6DA8E00DEF10E /* Build configuration list for PBXNativeTarget "stockInformUITests" */ = {
			isa = XCConfigurationList;
			buildConfigurations = (
				C5A2935323E6DA8E00DEF10E /* Debug */,
				C5A2935423E6DA8E00DEF10E /* Release */,
			);
			defaultConfigurationIsVisible = 0;
			defaultConfigurationName = Release;
		};
/* End XCConfigurationList section */
	};
	rootObject = C5A2931A23E6DA8D00DEF10E /* Project object */;
}
